// !$*UTF8*$!
{
	archiveVersion = 1;
	classes = {
	};
	objectVersion = 56;
	objects = {

/* Begin PBXBuildFile section */
		B255E72D2C90D6CB00E7979D /* TransactionView.swift in Sources */ = {isa = PBXBuildFile; fileRef = B255E72C2C90D6CB00E7979D /* TransactionView.swift */; };
		B25ECEC62CB2D23100DF05C3 /* EditReceiptItemView.swift in Sources */ = {isa = PBXBuildFile; fileRef = B25ECEC52CB2D23100DF05C3 /* EditReceiptItemView.swift */; };
		B25ECEC82CB2D89D00DF05C3 /* TintColor.swift in Sources */ = {isa = PBXBuildFile; fileRef = B25ECEC72CB2D89D00DF05C3 /* TintColor.swift */; };
		B28F26612C6A5F9D000E00FE /* mybillsApp.swift in Sources */ = {isa = PBXBuildFile; fileRef = B28F26602C6A5F9D000E00FE /* mybillsApp.swift */; };
		B28F26632C6A5F9D000E00FE /* ContentView.swift in Sources */ = {isa = PBXBuildFile; fileRef = B28F26622C6A5F9D000E00FE /* ContentView.swift */; };
		B28F26652C6A5FA1000E00FE /* Assets.xcassets in Resources */ = {isa = PBXBuildFile; fileRef = B28F26642C6A5FA1000E00FE /* Assets.xcassets */; };
		B28F26682C6A5FA1000E00FE /* Preview Assets.xcassets in Resources */ = {isa = PBXBuildFile; fileRef = B28F26672C6A5FA1000E00FE /* Preview Assets.xcassets */; };
		B28F26702C6BA159000E00FE /* CustomTabbarView.swift in Sources */ = {isa = PBXBuildFile; fileRef = B28F266F2C6BA159000E00FE /* CustomTabbarView.swift */; };
		B2C99A5C2CAE0D4C0009BFB7 /* SwipeAction.swift in Sources */ = {isa = PBXBuildFile; fileRef = B2C99A5B2CAE0D4C0009BFB7 /* SwipeAction.swift */; };
		B2C99A5E2CAF2C540009BFB7 /* StatisticPeriod.swift in Sources */ = {isa = PBXBuildFile; fileRef = B2C99A5D2CAF2C540009BFB7 /* StatisticPeriod.swift */; };
		B2CF461F2C7E148F0025C6F6 /* Transaction.swift in Sources */ = {isa = PBXBuildFile; fileRef = B2CF461E2C7E148F0025C6F6 /* Transaction.swift */; };
		B2CF46212C7E14B30025C6F6 /* Category.swift in Sources */ = {isa = PBXBuildFile; fileRef = B2CF46202C7E14B30025C6F6 /* Category.swift */; };
		B2CF46242C7E15D90025C6F6 /* Home.swift in Sources */ = {isa = PBXBuildFile; fileRef = B2CF46232C7E15D90025C6F6 /* Home.swift */; };
		B2CF46262C7E15EA0025C6F6 /* Analysis.swift in Sources */ = {isa = PBXBuildFile; fileRef = B2CF46252C7E15EA0025C6F6 /* Analysis.swift */; };
		B2CF46292C7E48BF0025C6F6 /* View+Extensions.swift in Sources */ = {isa = PBXBuildFile; fileRef = B2CF46282C7E48BF0025C6F6 /* View+Extensions.swift */; };
		B2CF462C2C7E5E200025C6F6 /* CardView.swift in Sources */ = {isa = PBXBuildFile; fileRef = B2CF462B2C7E5E200025C6F6 /* CardView.swift */; };
		B2CF462E2C87934B0025C6F6 /* TransactionCardView.swift in Sources */ = {isa = PBXBuildFile; fileRef = B2CF462D2C87934B0025C6F6 /* TransactionCardView.swift */; };
		B2CF46302C886E670025C6F6 /* Data+Extensions.swift in Sources */ = {isa = PBXBuildFile; fileRef = B2CF462F2C886E670025C6F6 /* Data+Extensions.swift */; };
		B2CF46322C886EC70025C6F6 /* DayTransactionsView.swift in Sources */ = {isa = PBXBuildFile; fileRef = B2CF46312C886EC70025C6F6 /* DayTransactionsView.swift */; };
		B2CF46342C88CF7F0025C6F6 /* ChartModel.swift in Sources */ = {isa = PBXBuildFile; fileRef = B2CF46332C88CF7F0025C6F6 /* ChartModel.swift */; };
		B2CF46362C88D23F0025C6F6 /* test.swift in Sources */ = {isa = PBXBuildFile; fileRef = B2CF46352C88D23F0025C6F6 /* test.swift */; };
		B2EA66D52CA63D6400D3C258 /* ScanData.swift in Sources */ = {isa = PBXBuildFile; fileRef = B2EA66D42CA63D6400D3C258 /* ScanData.swift */; };
		B2EA66D72CA63D7B00D3C258 /* ScannerContentView.swift in Sources */ = {isa = PBXBuildFile; fileRef = B2EA66D62CA63D7B00D3C258 /* ScannerContentView.swift */; };
		B2EA66D92CA63D8B00D3C258 /* ScannerView.swift in Sources */ = {isa = PBXBuildFile; fileRef = B2EA66D82CA63D8B00D3C258 /* ScannerView.swift */; };
		B2EA66DB2CA63D9B00D3C258 /* TextRecognizer.swift in Sources */ = {isa = PBXBuildFile; fileRef = B2EA66DA2CA63D9B00D3C258 /* TextRecognizer.swift */; };
		B2EA66DD2CAB9DD300D3C258 /* ReceiptItem.swift in Sources */ = {isa = PBXBuildFile; fileRef = B2EA66DC2CAB9DD300D3C258 /* ReceiptItem.swift */; };
/* End PBXBuildFile section */

/* Begin PBXFileReference section */
		B255E72C2C90D6CB00E7979D /* TransactionView.swift */ = {isa = PBXFileReference; lastKnownFileType = sourcecode.swift; path = TransactionView.swift; sourceTree = "<group>"; };
		B25ECEC52CB2D23100DF05C3 /* EditReceiptItemView.swift */ = {isa = PBXFileReference; lastKnownFileType = sourcecode.swift; path = EditReceiptItemView.swift; sourceTree = "<group>"; };
		B25ECEC72CB2D89D00DF05C3 /* TintColor.swift */ = {isa = PBXFileReference; lastKnownFileType = sourcecode.swift; path = TintColor.swift; sourceTree = "<group>"; };
		B28F265D2C6A5F9D000E00FE /* mybills.app */ = {isa = PBXFileReference; explicitFileType = wrapper.application; includeInIndex = 0; path = mybills.app; sourceTree = BUILT_PRODUCTS_DIR; };
		B28F26602C6A5F9D000E00FE /* mybillsApp.swift */ = {isa = PBXFileReference; lastKnownFileType = sourcecode.swift; path = mybillsApp.swift; sourceTree = "<group>"; };
		B28F26622C6A5F9D000E00FE /* ContentView.swift */ = {isa = PBXFileReference; lastKnownFileType = sourcecode.swift; path = ContentView.swift; sourceTree = "<group>"; };
		B28F26642C6A5FA1000E00FE /* Assets.xcassets */ = {isa = PBXFileReference; lastKnownFileType = folder.assetcatalog; path = Assets.xcassets; sourceTree = "<group>"; };
		B28F26672C6A5FA1000E00FE /* Preview Assets.xcassets */ = {isa = PBXFileReference; lastKnownFileType = folder.assetcatalog; path = "Preview Assets.xcassets"; sourceTree = "<group>"; };
		B28F266F2C6BA159000E00FE /* CustomTabbarView.swift */ = {isa = PBXFileReference; lastKnownFileType = sourcecode.swift; path = CustomTabbarView.swift; sourceTree = "<group>"; };
		B2B2147B2CB1DD1F0057F9D6 /* Info.plist */ = {isa = PBXFileReference; lastKnownFileType = text.plist; path = Info.plist; sourceTree = "<group>"; };
		B2C99A5B2CAE0D4C0009BFB7 /* SwipeAction.swift */ = {isa = PBXFileReference; fileEncoding = 4; lastKnownFileType = sourcecode.swift; path = SwipeAction.swift; sourceTree = "<group>"; };
		B2C99A5D2CAF2C540009BFB7 /* StatisticPeriod.swift */ = {isa = PBXFileReference; lastKnownFileType = sourcecode.swift; path = StatisticPeriod.swift; sourceTree = "<group>"; };
		B2CF461E2C7E148F0025C6F6 /* Transaction.swift */ = {isa = PBXFileReference; lastKnownFileType = sourcecode.swift; path = Transaction.swift; sourceTree = "<group>"; };
		B2CF46202C7E14B30025C6F6 /* Category.swift */ = {isa = PBXFileReference; lastKnownFileType = sourcecode.swift; path = Category.swift; sourceTree = "<group>"; };
		B2CF46232C7E15D90025C6F6 /* Home.swift */ = {isa = PBXFileReference; lastKnownFileType = sourcecode.swift; path = Home.swift; sourceTree = "<group>"; };
		B2CF46252C7E15EA0025C6F6 /* Analysis.swift */ = {isa = PBXFileReference; lastKnownFileType = sourcecode.swift; path = Analysis.swift; sourceTree = "<group>"; };
		B2CF46282C7E48BF0025C6F6 /* View+Extensions.swift */ = {isa = PBXFileReference; lastKnownFileType = sourcecode.swift; path = "View+Extensions.swift"; sourceTree = "<group>"; };
		B2CF462B2C7E5E200025C6F6 /* CardView.swift */ = {isa = PBXFileReference; lastKnownFileType = sourcecode.swift; path = CardView.swift; sourceTree = "<group>"; };
		B2CF462D2C87934B0025C6F6 /* TransactionCardView.swift */ = {isa = PBXFileReference; lastKnownFileType = sourcecode.swift; path = TransactionCardView.swift; sourceTree = "<group>"; };
		B2CF462F2C886E670025C6F6 /* Data+Extensions.swift */ = {isa = PBXFileReference; lastKnownFileType = sourcecode.swift; path = "Data+Extensions.swift"; sourceTree = "<group>"; };
		B2CF46312C886EC70025C6F6 /* DayTransactionsView.swift */ = {isa = PBXFileReference; lastKnownFileType = sourcecode.swift; path = DayTransactionsView.swift; sourceTree = "<group>"; };
		B2CF46332C88CF7F0025C6F6 /* ChartModel.swift */ = {isa = PBXFileReference; lastKnownFileType = sourcecode.swift; path = ChartModel.swift; sourceTree = "<group>"; };
		B2CF46352C88D23F0025C6F6 /* test.swift */ = {isa = PBXFileReference; lastKnownFileType = sourcecode.swift; path = test.swift; sourceTree = "<group>"; };
		B2EA66D42CA63D6400D3C258 /* ScanData.swift */ = {isa = PBXFileReference; lastKnownFileType = sourcecode.swift; path = ScanData.swift; sourceTree = "<group>"; };
		B2EA66D62CA63D7B00D3C258 /* ScannerContentView.swift */ = {isa = PBXFileReference; lastKnownFileType = sourcecode.swift; path = ScannerContentView.swift; sourceTree = "<group>"; };
		B2EA66D82CA63D8B00D3C258 /* ScannerView.swift */ = {isa = PBXFileReference; lastKnownFileType = sourcecode.swift; path = ScannerView.swift; sourceTree = "<group>"; };
		B2EA66DA2CA63D9B00D3C258 /* TextRecognizer.swift */ = {isa = PBXFileReference; lastKnownFileType = sourcecode.swift; path = TextRecognizer.swift; sourceTree = "<group>"; };
		B2EA66DC2CAB9DD300D3C258 /* ReceiptItem.swift */ = {isa = PBXFileReference; lastKnownFileType = sourcecode.swift; path = ReceiptItem.swift; sourceTree = "<group>"; };
/* End PBXFileReference section */

/* Begin PBXFrameworksBuildPhase section */
		B28F265A2C6A5F9D000E00FE /* Frameworks */ = {
			isa = PBXFrameworksBuildPhase;
			buildActionMask = 2147483647;
			files = (
			);
			runOnlyForDeploymentPostprocessing = 0;
		};
/* End PBXFrameworksBuildPhase section */

/* Begin PBXGroup section */
		B28F26542C6A5F9D000E00FE = {
			isa = PBXGroup;
			children = (
				B28F265F2C6A5F9D000E00FE /* mybills */,
				B28F265E2C6A5F9D000E00FE /* Products */,
			);
			sourceTree = "<group>";
		};
		B28F265E2C6A5F9D000E00FE /* Products */ = {
			isa = PBXGroup;
			children = (
				B28F265D2C6A5F9D000E00FE /* mybills.app */,
			);
			name = Products;
			sourceTree = "<group>";
		};
		B28F265F2C6A5F9D000E00FE /* mybills */ = {
			isa = PBXGroup;
			children = (
				B2B2147B2CB1DD1F0057F9D6 /* Info.plist */,
				B2CF46272C7E48970025C6F6 /* Helper */,
				B2CF46222C7E15B70025C6F6 /* View */,
				B2CF46192C7E13DB0025C6F6 /* Model */,
				B28F26602C6A5F9D000E00FE /* mybillsApp.swift */,
				B28F26622C6A5F9D000E00FE /* ContentView.swift */,
				B28F266E2C6BA0FD000E00FE /* CustomTabbar */,
				B28F26642C6A5FA1000E00FE /* Assets.xcassets */,
				B28F26662C6A5FA1000E00FE /* Preview Content */,
			);
			path = mybills;
			sourceTree = "<group>";
		};
		B28F26662C6A5FA1000E00FE /* Preview Content */ = {
			isa = PBXGroup;
			children = (
				B28F26672C6A5FA1000E00FE /* Preview Assets.xcassets */,
			);
			path = "Preview Content";
			sourceTree = "<group>";
		};
		B28F266E2C6BA0FD000E00FE /* CustomTabbar */ = {
			isa = PBXGroup;
			children = (
				B28F266F2C6BA159000E00FE /* CustomTabbarView.swift */,
			);
			path = CustomTabbar;
			sourceTree = "<group>";
		};
		B2CF46192C7E13DB0025C6F6 /* Model */ = {
			isa = PBXGroup;
			children = (
				B2CF461E2C7E148F0025C6F6 /* Transaction.swift */,
				B2CF46202C7E14B30025C6F6 /* Category.swift */,
				B2CF46332C88CF7F0025C6F6 /* ChartModel.swift */,
				B2C99A5D2CAF2C540009BFB7 /* StatisticPeriod.swift */,
				B25ECEC72CB2D89D00DF05C3 /* TintColor.swift */,
			);
			path = Model;
			sourceTree = "<group>";
		};
		B2CF46222C7E15B70025C6F6 /* View */ = {
			isa = PBXGroup;
			children = (
				B2CF462A2C7E5E0B0025C6F6 /* Helpers */,
				B2CF46232C7E15D90025C6F6 /* Home.swift */,
				B2CF46252C7E15EA0025C6F6 /* Analysis.swift */,
				B2CF46352C88D23F0025C6F6 /* test.swift */,
				B255E72C2C90D6CB00E7979D /* TransactionView.swift */,
				B2EA66D62CA63D7B00D3C258 /* ScannerContentView.swift */,
				B2EA66D82CA63D8B00D3C258 /* ScannerView.swift */,
				B25ECEC52CB2D23100DF05C3 /* EditReceiptItemView.swift */,
			);
			path = View;
			sourceTree = "<group>";
		};
		B2CF46272C7E48970025C6F6 /* Helper */ = {
			isa = PBXGroup;
			children = (
				B2CF46282C7E48BF0025C6F6 /* View+Extensions.swift */,
				B2CF462F2C886E670025C6F6 /* Data+Extensions.swift */,
			);
			path = Helper;
			sourceTree = "<group>";
		};
		B2CF462A2C7E5E0B0025C6F6 /* Helpers */ = {
			isa = PBXGroup;
			children = (
				B2C99A5B2CAE0D4C0009BFB7 /* SwipeAction.swift */,
				B2CF462B2C7E5E200025C6F6 /* CardView.swift */,
				B2CF462D2C87934B0025C6F6 /* TransactionCardView.swift */,
				B2CF46312C886EC70025C6F6 /* DayTransactionsView.swift */,
				B2EA66D42CA63D6400D3C258 /* ScanData.swift */,
				B2EA66DA2CA63D9B00D3C258 /* TextRecognizer.swift */,
				B2EA66DC2CAB9DD300D3C258 /* ReceiptItem.swift */,
			);
			path = Helpers;
			sourceTree = "<group>";
		};
/* End PBXGroup section */

/* Begin PBXNativeTarget section */
		B28F265C2C6A5F9D000E00FE /* mybills */ = {
			isa = PBXNativeTarget;
			buildConfigurationList = B28F266B2C6A5FA1000E00FE /* Build configuration list for PBXNativeTarget "mybills" */;
			buildPhases = (
				B28F26592C6A5F9D000E00FE /* Sources */,
				B28F265A2C6A5F9D000E00FE /* Frameworks */,
				B28F265B2C6A5F9D000E00FE /* Resources */,
			);
			buildRules = (
			);
			dependencies = (
			);
			name = mybills;
			productName = mybills;
			productReference = B28F265D2C6A5F9D000E00FE /* mybills.app */;
			productType = "com.apple.product-type.application";
		};
/* End PBXNativeTarget section */

/* Begin PBXProject section */
		B28F26552C6A5F9D000E00FE /* Project object */ = {
			isa = PBXProject;
			attributes = {
				BuildIndependentTargetsInParallel = 1;
				LastSwiftUpdateCheck = 1540;
				LastUpgradeCheck = 1540;
				TargetAttributes = {
					B28F265C2C6A5F9D000E00FE = {
						CreatedOnToolsVersion = 15.4;
					};
				};
			};
			buildConfigurationList = B28F26582C6A5F9D000E00FE /* Build configuration list for PBXProject "mybills" */;
			compatibilityVersion = "Xcode 14.0";
			developmentRegion = en;
			hasScannedForEncodings = 0;
			knownRegions = (
				en,
				Base,
			);
			mainGroup = B28F26542C6A5F9D000E00FE;
			productRefGroup = B28F265E2C6A5F9D000E00FE /* Products */;
			projectDirPath = "";
			projectRoot = "";
			targets = (
				B28F265C2C6A5F9D000E00FE /* mybills */,
			);
		};
/* End PBXProject section */

/* Begin PBXResourcesBuildPhase section */
		B28F265B2C6A5F9D000E00FE /* Resources */ = {
			isa = PBXResourcesBuildPhase;
			buildActionMask = 2147483647;
			files = (
				B28F26682C6A5FA1000E00FE /* Preview Assets.xcassets in Resources */,
				B28F26652C6A5FA1000E00FE /* Assets.xcassets in Resources */,
			);
			runOnlyForDeploymentPostprocessing = 0;
		};
/* End PBXResourcesBuildPhase section */

/* Begin PBXSourcesBuildPhase section */
		B28F26592C6A5F9D000E00FE /* Sources */ = {
			isa = PBXSourcesBuildPhase;
			buildActionMask = 2147483647;
			files = (
				B28F26702C6BA159000E00FE /* CustomTabbarView.swift in Sources */,
				B28F26632C6A5F9D000E00FE /* ContentView.swift in Sources */,
				B2C99A5C2CAE0D4C0009BFB7 /* SwipeAction.swift in Sources */,
				B2CF46292C7E48BF0025C6F6 /* View+Extensions.swift in Sources */,
				B2CF46342C88CF7F0025C6F6 /* ChartModel.swift in Sources */,
				B2CF462E2C87934B0025C6F6 /* TransactionCardView.swift in Sources */,
				B2CF46242C7E15D90025C6F6 /* Home.swift in Sources */,
				B2EA66D72CA63D7B00D3C258 /* ScannerContentView.swift in Sources */,
				B28F26612C6A5F9D000E00FE /* mybillsApp.swift in Sources */,
				B2EA66D92CA63D8B00D3C258 /* ScannerView.swift in Sources */,
				B2EA66D52CA63D6400D3C258 /* ScanData.swift in Sources */,
				B2CF461F2C7E148F0025C6F6 /* Transaction.swift in Sources */,
				B255E72D2C90D6CB00E7979D /* TransactionView.swift in Sources */,
				B2EA66DD2CAB9DD300D3C258 /* ReceiptItem.swift in Sources */,
				B2CF46212C7E14B30025C6F6 /* Category.swift in Sources */,
				B25ECEC62CB2D23100DF05C3 /* EditReceiptItemView.swift in Sources */,
				B25ECEC82CB2D89D00DF05C3 /* TintColor.swift in Sources */,
				B2C99A5E2CAF2C540009BFB7 /* StatisticPeriod.swift in Sources */,
				B2CF46302C886E670025C6F6 /* Data+Extensions.swift in Sources */,
				B2CF462C2C7E5E200025C6F6 /* CardView.swift in Sources */,
				B2CF46322C886EC70025C6F6 /* DayTransactionsView.swift in Sources */,
				B2CF46262C7E15EA0025C6F6 /* Analysis.swift in Sources */,
				B2EA66DB2CA63D9B00D3C258 /* TextRecognizer.swift in Sources */,
				B2CF46362C88D23F0025C6F6 /* test.swift in Sources */,
			);
			runOnlyForDeploymentPostprocessing = 0;
		};
/* End PBXSourcesBuildPhase section */

/* Begin XCBuildConfiguration section */
		B28F26692C6A5FA1000E00FE /* Debug */ = {
			isa = XCBuildConfiguration;
			buildSettings = {
				ALWAYS_SEARCH_USER_PATHS = NO;
				ASSETCATALOG_COMPILER_GENERATE_SWIFT_ASSET_SYMBOL_EXTENSIONS = YES;
				CLANG_ANALYZER_NONNULL = YES;
				CLANG_ANALYZER_NUMBER_OBJECT_CONVERSION = YES_AGGRESSIVE;
				CLANG_CXX_LANGUAGE_STANDARD = "gnu++20";
				CLANG_ENABLE_MODULES = YES;
				CLANG_ENABLE_OBJC_ARC = YES;
				CLANG_ENABLE_OBJC_WEAK = YES;
				CLANG_WARN_BLOCK_CAPTURE_AUTORELEASING = YES;
				CLANG_WARN_BOOL_CONVERSION = YES;
				CLANG_WARN_COMMA = YES;
				CLANG_WARN_CONSTANT_CONVERSION = YES;
				CLANG_WARN_DEPRECATED_OBJC_IMPLEMENTATIONS = YES;
				CLANG_WARN_DIRECT_OBJC_ISA_USAGE = YES_ERROR;
				CLANG_WARN_DOCUMENTATION_COMMENTS = YES;
				CLANG_WARN_EMPTY_BODY = YES;
				CLANG_WARN_ENUM_CONVERSION = YES;
				CLANG_WARN_INFINITE_RECURSION = YES;
				CLANG_WARN_INT_CONVERSION = YES;
				CLANG_WARN_NON_LITERAL_NULL_CONVERSION = YES;
				CLANG_WARN_OBJC_IMPLICIT_RETAIN_SELF = YES;
				CLANG_WARN_OBJC_LITERAL_CONVERSION = YES;
				CLANG_WARN_OBJC_ROOT_CLASS = YES_ERROR;
				CLANG_WARN_QUOTED_INCLUDE_IN_FRAMEWORK_HEADER = YES;
				CLANG_WARN_RANGE_LOOP_ANALYSIS = YES;
				CLANG_WARN_STRICT_PROTOTYPES = YES;
				CLANG_WARN_SUSPICIOUS_MOVE = YES;
				CLANG_WARN_UNGUARDED_AVAILABILITY = YES_AGGRESSIVE;
				CLANG_WARN_UNREACHABLE_CODE = YES;
				CLANG_WARN__DUPLICATE_METHOD_MATCH = YES;
				COPY_PHASE_STRIP = NO;
				DEBUG_INFORMATION_FORMAT = dwarf;
				ENABLE_STRICT_OBJC_MSGSEND = YES;
				ENABLE_TESTABILITY = YES;
				ENABLE_USER_SCRIPT_SANDBOXING = YES;
				GCC_C_LANGUAGE_STANDARD = gnu17;
				GCC_DYNAMIC_NO_PIC = NO;
				GCC_NO_COMMON_BLOCKS = YES;
				GCC_OPTIMIZATION_LEVEL = 0;
				GCC_PREPROCESSOR_DEFINITIONS = (
					"DEBUG=1",
					"$(inherited)",
				);
				GCC_WARN_64_TO_32_BIT_CONVERSION = YES;
				GCC_WARN_ABOUT_RETURN_TYPE = YES_ERROR;
				GCC_WARN_UNDECLARED_SELECTOR = YES;
				GCC_WARN_UNINITIALIZED_AUTOS = YES_AGGRESSIVE;
				GCC_WARN_UNUSED_FUNCTION = YES;
				GCC_WARN_UNUSED_VARIABLE = YES;
				IPHONEOS_DEPLOYMENT_TARGET = 17.5;
				LOCALIZATION_PREFERS_STRING_CATALOGS = YES;
				MTL_ENABLE_DEBUG_INFO = INCLUDE_SOURCE;
				MTL_FAST_MATH = YES;
				ONLY_ACTIVE_ARCH = YES;
				SDKROOT = iphoneos;
				SWIFT_ACTIVE_COMPILATION_CONDITIONS = "DEBUG $(inherited)";
				SWIFT_OPTIMIZATION_LEVEL = "-Onone";
			};
			name = Debug;
		};
		B28F266A2C6A5FA1000E00FE /* Release */ = {
			isa = XCBuildConfiguration;
			buildSettings = {
				ALWAYS_SEARCH_USER_PATHS = NO;
				ASSETCATALOG_COMPILER_GENERATE_SWIFT_ASSET_SYMBOL_EXTENSIONS = YES;
				CLANG_ANALYZER_NONNULL = YES;
				CLANG_ANALYZER_NUMBER_OBJECT_CONVERSION = YES_AGGRESSIVE;
				CLANG_CXX_LANGUAGE_STANDARD = "gnu++20";
				CLANG_ENABLE_MODULES = YES;
				CLANG_ENABLE_OBJC_ARC = YES;
				CLANG_ENABLE_OBJC_WEAK = YES;
				CLANG_WARN_BLOCK_CAPTURE_AUTORELEASING = YES;
				CLANG_WARN_BOOL_CONVERSION = YES;
				CLANG_WARN_COMMA = YES;
				CLANG_WARN_CONSTANT_CONVERSION = YES;
				CLANG_WARN_DEPRECATED_OBJC_IMPLEMENTATIONS = YES;
				CLANG_WARN_DIRECT_OBJC_ISA_USAGE = YES_ERROR;
				CLANG_WARN_DOCUMENTATION_COMMENTS = YES;
				CLANG_WARN_EMPTY_BODY = YES;
				CLANG_WARN_ENUM_CONVERSION = YES;
				CLANG_WARN_INFINITE_RECURSION = YES;
				CLANG_WARN_INT_CONVERSION = YES;
				CLANG_WARN_NON_LITERAL_NULL_CONVERSION = YES;
				CLANG_WARN_OBJC_IMPLICIT_RETAIN_SELF = YES;
				CLANG_WARN_OBJC_LITERAL_CONVERSION = YES;
				CLANG_WARN_OBJC_ROOT_CLASS = YES_ERROR;
				CLANG_WARN_QUOTED_INCLUDE_IN_FRAMEWORK_HEADER = YES;
				CLANG_WARN_RANGE_LOOP_ANALYSIS = YES;
				CLANG_WARN_STRICT_PROTOTYPES = YES;
				CLANG_WARN_SUSPICIOUS_MOVE = YES;
				CLANG_WARN_UNGUARDED_AVAILABILITY = YES_AGGRESSIVE;
				CLANG_WARN_UNREACHABLE_CODE = YES;
				CLANG_WARN__DUPLICATE_METHOD_MATCH = YES;
				COPY_PHASE_STRIP = NO;
				DEBUG_INFORMATION_FORMAT = "dwarf-with-dsym";
				ENABLE_NS_ASSERTIONS = NO;
				ENABLE_STRICT_OBJC_MSGSEND = YES;
				ENABLE_USER_SCRIPT_SANDBOXING = YES;
				GCC_C_LANGUAGE_STANDARD = gnu17;
				GCC_NO_COMMON_BLOCKS = YES;
				GCC_WARN_64_TO_32_BIT_CONVERSION = YES;
				GCC_WARN_ABOUT_RETURN_TYPE = YES_ERROR;
				GCC_WARN_UNDECLARED_SELECTOR = YES;
				GCC_WARN_UNINITIALIZED_AUTOS = YES_AGGRESSIVE;
				GCC_WARN_UNUSED_FUNCTION = YES;
				GCC_WARN_UNUSED_VARIABLE = YES;
				IPHONEOS_DEPLOYMENT_TARGET = 17.5;
				LOCALIZATION_PREFERS_STRING_CATALOGS = YES;
				MTL_ENABLE_DEBUG_INFO = NO;
				MTL_FAST_MATH = YES;
				SDKROOT = iphoneos;
				SWIFT_COMPILATION_MODE = wholemodule;
				VALIDATE_PRODUCT = YES;
			};
			name = Release;
		};
		B28F266C2C6A5FA1000E00FE /* Debug */ = {
			isa = XCBuildConfiguration;
			buildSettings = {
				ASSETCATALOG_COMPILER_APPICON_NAME = AppIcon;
				ASSETCATALOG_COMPILER_GLOBAL_ACCENT_COLOR_NAME = AccentColor;
				CODE_SIGN_STYLE = Automatic;
				CURRENT_PROJECT_VERSION = 1;
				DEVELOPMENT_ASSET_PATHS = "\"mybills/Preview Content\"";
				DEVELOPMENT_TEAM = 7VKT2PKQJ5;
				ENABLE_PREVIEWS = YES;
				GENERATE_INFOPLIST_FILE = YES;
				INFOPLIST_FILE = mybills/Info.plist;
				INFOPLIST_KEY_NSCameraUsageDescription = "mybills requires permission to scan files";
				INFOPLIST_KEY_UIApplicationSceneManifest_Generation = YES;
				INFOPLIST_KEY_UIApplicationSupportsIndirectInputEvents = YES;
				INFOPLIST_KEY_UILaunchScreen_Generation = YES;
				INFOPLIST_KEY_UISupportedInterfaceOrientations_iPad = "UIInterfaceOrientationPortrait UIInterfaceOrientationPortraitUpsideDown UIInterfaceOrientationLandscapeLeft UIInterfaceOrientationLandscapeRight";
				INFOPLIST_KEY_UISupportedInterfaceOrientations_iPhone = "UIInterfaceOrientationPortrait UIInterfaceOrientationLandscapeLeft UIInterfaceOrientationLandscapeRight";
				LD_RUNPATH_SEARCH_PATHS = (
					"$(inherited)",
					"@executable_path/Frameworks",
				);
				MARKETING_VERSION = 1.0;
				PRODUCT_BUNDLE_IDENTIFIER = ffantta.mybills;
				PRODUCT_NAME = "$(TARGET_NAME)";
				SWIFT_EMIT_LOC_STRINGS = YES;
				SWIFT_VERSION = 5.0;
				TARGETED_DEVICE_FAMILY = "1,2";
			};
			name = Debug;
		};
		B28F266D2C6A5FA1000E00FE /* Release */ = {
			isa = XCBuildConfiguration;
			buildSettings = {
				ASSETCATALOG_COMPILER_APPICON_NAME = AppIcon;
				ASSETCATALOG_COMPILER_GLOBAL_ACCENT_COLOR_NAME = AccentColor;
				CODE_SIGN_STYLE = Automatic;
				CURRENT_PROJECT_VERSION = 1;
				DEVELOPMENT_ASSET_PATHS = "\"mybills/Preview Content\"";
				DEVELOPMENT_TEAM = 7VKT2PKQJ5;
				ENABLE_PREVIEWS = YES;
				GENERATE_INFOPLIST_FILE = YES;
				INFOPLIST_FILE = mybills/Info.plist;
				INFOPLIST_KEY_NSCameraUsageDescription = "mybills requires permission to scan files";
				INFOPLIST_KEY_UIApplicationSceneManifest_Generation = YES;
				INFOPLIST_KEY_UIApplicationSupportsIndirectInputEvents = YES;
				INFOPLIST_KEY_UILaunchScreen_Generation = YES;
				INFOPLIST_KEY_UISupportedInterfaceOrientations_iPad = "UIInterfaceOrientationPortrait UIInterfaceOrientationPortraitUpsideDown UIInterfaceOrientationLandscapeLeft UIInterfaceOrientationLandscapeRight";
				INFOPLIST_KEY_UISupportedInterfaceOrientations_iPhone = "UIInterfaceOrientationPortrait UIInterfaceOrientationLandscapeLeft UIInterfaceOrientationLandscapeRight";
				LD_RUNPATH_SEARCH_PATHS = (
					"$(inherited)",
					"@executable_path/Frameworks",
				);
				MARKETING_VERSION = 1.0;
				PRODUCT_BUNDLE_IDENTIFIER = ffantta.mybills;
				PRODUCT_NAME = "$(TARGET_NAME)";
				SWIFT_EMIT_LOC_STRINGS = YES;
				SWIFT_VERSION = 5.0;
				TARGETED_DEVICE_FAMILY = "1,2";
			};
			name = Release;
		};
/* End XCBuildConfiguration section */

/* Begin XCConfigurationList section */
		B28F26582C6A5F9D000E00FE /* Build configuration list for PBXProject "mybills" */ = {
			isa = XCConfigurationList;
			buildConfigurations = (
				B28F26692C6A5FA1000E00FE /* Debug */,
				B28F266A2C6A5FA1000E00FE /* Release */,
			);
			defaultConfigurationIsVisible = 0;
			defaultConfigurationName = Release;
		};
		B28F266B2C6A5FA1000E00FE /* Build configuration list for PBXNativeTarget "mybills" */ = {
			isa = XCConfigurationList;
			buildConfigurations = (
				B28F266C2C6A5FA1000E00FE /* Debug */,
				B28F266D2C6A5FA1000E00FE /* Release */,
			);
			defaultConfigurationIsVisible = 0;
			defaultConfigurationName = Release;
		};
/* End XCConfigurationList section */
	};
	rootObject = B28F26552C6A5F9D000E00FE /* Project object */;
}
