// !$*UTF8*$!
{
	archiveVersion = 1;
	classes = {
	};
	objectVersion = 56;
	objects = {

/* Begin PBXBuildFile section */
		B28F262B2C5BFDF9000E00FE /* appdevApp.swift in Sources */ = {isa = PBXBuildFile; fileRef = B28F262A2C5BFDF9000E00FE /* appdevApp.swift */; };
		B28F262D2C5BFDF9000E00FE /* ContentView.swift in Sources */ = {isa = PBXBuildFile; fileRef = B28F262C2C5BFDF9000E00FE /* ContentView.swift */; };
		B28F262F2C5BFDFC000E00FE /* Assets.xcassets in Resources */ = {isa = PBXBuildFile; fileRef = B28F262E2C5BFDFC000E00FE /* Assets.xcassets */; };
		B28F26322C5BFDFC000E00FE /* Preview Assets.xcassets in Resources */ = {isa = PBXBuildFile; fileRef = B28F26312C5BFDFC000E00FE /* Preview Assets.xcassets */; };
		B28F263C2C5BFDFD000E00FE /* appdevTests.swift in Sources */ = {isa = PBXBuildFile; fileRef = B28F263B2C5BFDFD000E00FE /* appdevTests.swift */; };
		B28F26462C5BFDFD000E00FE /* appdevUITests.swift in Sources */ = {isa = PBXBuildFile; fileRef = B28F26452C5BFDFD000E00FE /* appdevUITests.swift */; };
		B28F26482C5BFDFD000E00FE /* appdevUITestsLaunchTests.swift in Sources */ = {isa = PBXBuildFile; fileRef = B28F26472C5BFDFD000E00FE /* appdevUITestsLaunchTests.swift */; };
/* End PBXBuildFile section */

/* Begin PBXContainerItemProxy section */
		B28F26382C5BFDFD000E00FE /* PBXContainerItemProxy */ = {
			isa = PBXContainerItemProxy;
			containerPortal = B28F261F2C5BFDF9000E00FE /* Project object */;
			proxyType = 1;
			remoteGlobalIDString = B28F26262C5BFDF9000E00FE;
			remoteInfo = appdev;
		};
		B28F26422C5BFDFD000E00FE /* PBXContainerItemProxy */ = {
			isa = PBXContainerItemProxy;
			containerPortal = B28F261F2C5BFDF9000E00FE /* Project object */;
			proxyType = 1;
			remoteGlobalIDString = B28F26262C5BFDF9000E00FE;
			remoteInfo = appdev;
		};
/* End PBXContainerItemProxy section */

/* Begin PBXFileReference section */
		B28F26272C5BFDF9000E00FE /* appdev.app */ = {isa = PBXFileReference; explicitFileType = wrapper.application; includeInIndex = 0; path = appdev.app; sourceTree = BUILT_PRODUCTS_DIR; };
		B28F262A2C5BFDF9000E00FE /* appdevApp.swift */ = {isa = PBXFileReference; lastKnownFileType = sourcecode.swift; path = appdevApp.swift; sourceTree = "<group>"; };
		B28F262C2C5BFDF9000E00FE /* ContentView.swift */ = {isa = PBXFileReference; lastKnownFileType = sourcecode.swift; path = ContentView.swift; sourceTree = "<group>"; };
		B28F262E2C5BFDFC000E00FE /* Assets.xcassets */ = {isa = PBXFileReference; lastKnownFileType = folder.assetcatalog; path = Assets.xcassets; sourceTree = "<group>"; };
		B28F26312C5BFDFC000E00FE /* Preview Assets.xcassets */ = {isa = PBXFileReference; lastKnownFileType = folder.assetcatalog; path = "Preview Assets.xcassets"; sourceTree = "<group>"; };
		B28F26372C5BFDFD000E00FE /* appdevTests.xctest */ = {isa = PBXFileReference; explicitFileType = wrapper.cfbundle; includeInIndex = 0; path = appdevTests.xctest; sourceTree = BUILT_PRODUCTS_DIR; };
		B28F263B2C5BFDFD000E00FE /* appdevTests.swift */ = {isa = PBXFileReference; lastKnownFileType = sourcecode.swift; path = appdevTests.swift; sourceTree = "<group>"; };
		B28F26412C5BFDFD000E00FE /* appdevUITests.xctest */ = {isa = PBXFileReference; explicitFileType = wrapper.cfbundle; includeInIndex = 0; path = appdevUITests.xctest; sourceTree = BUILT_PRODUCTS_DIR; };
		B28F26452C5BFDFD000E00FE /* appdevUITests.swift */ = {isa = PBXFileReference; lastKnownFileType = sourcecode.swift; path = appdevUITests.swift; sourceTree = "<group>"; };
		B28F26472C5BFDFD000E00FE /* appdevUITestsLaunchTests.swift */ = {isa = PBXFileReference; lastKnownFileType = sourcecode.swift; path = appdevUITestsLaunchTests.swift; sourceTree = "<group>"; };
/* End PBXFileReference section */

/* Begin PBXFrameworksBuildPhase section */
		B28F26242C5BFDF9000E00FE /* Frameworks */ = {
			isa = PBXFrameworksBuildPhase;
			buildActionMask = 2147483647;
			files = (
			);
			runOnlyForDeploymentPostprocessing = 0;
		};
		B28F26342C5BFDFD000E00FE /* Frameworks */ = {
			isa = PBXFrameworksBuildPhase;
			buildActionMask = 2147483647;
			files = (
			);
			runOnlyForDeploymentPostprocessing = 0;
		};
		B28F263E2C5BFDFD000E00FE /* Frameworks */ = {
			isa = PBXFrameworksBuildPhase;
			buildActionMask = 2147483647;
			files = (
			);
			runOnlyForDeploymentPostprocessing = 0;
		};
/* End PBXFrameworksBuildPhase section */

/* Begin PBXGroup section */
		B28F261E2C5BFDF9000E00FE = {
			isa = PBXGroup;
			children = (
				B28F26292C5BFDF9000E00FE /* appdev */,
				B28F263A2C5BFDFD000E00FE /* appdevTests */,
				B28F26442C5BFDFD000E00FE /* appdevUITests */,
				B28F26282C5BFDF9000E00FE /* Products */,
			);
			sourceTree = "<group>";
		};
		B28F26282C5BFDF9000E00FE /* Products */ = {
			isa = PBXGroup;
			children = (
				B28F26272C5BFDF9000E00FE /* appdev.app */,
				B28F26372C5BFDFD000E00FE /* appdevTests.xctest */,
				B28F26412C5BFDFD000E00FE /* appdevUITests.xctest */,
			);
			name = Products;
			sourceTree = "<group>";
		};
		B28F26292C5BFDF9000E00FE /* appdev */ = {
			isa = PBXGroup;
			children = (
				B28F262A2C5BFDF9000E00FE /* appdevApp.swift */,
				B28F262C2C5BFDF9000E00FE /* ContentView.swift */,
				B28F262E2C5BFDFC000E00FE /* Assets.xcassets */,
				B28F26302C5BFDFC000E00FE /* Preview Content */,
			);
			path = appdev;
			sourceTree = "<group>";
		};
		B28F26302C5BFDFC000E00FE /* Preview Content */ = {
			isa = PBXGroup;
			children = (
				B28F26312C5BFDFC000E00FE /* Preview Assets.xcassets */,
			);
			path = "Preview Content";
			sourceTree = "<group>";
		};
		B28F263A2C5BFDFD000E00FE /* appdevTests */ = {
			isa = PBXGroup;
			children = (
				B28F263B2C5BFDFD000E00FE /* appdevTests.swift */,
			);
			path = appdevTests;
			sourceTree = "<group>";
		};
		B28F26442C5BFDFD000E00FE /* appdevUITests */ = {
			isa = PBXGroup;
			children = (
				B28F26452C5BFDFD000E00FE /* appdevUITests.swift */,
				B28F26472C5BFDFD000E00FE /* appdevUITestsLaunchTests.swift */,
			);
			path = appdevUITests;
			sourceTree = "<group>";
		};
/* End PBXGroup section */

/* Begin PBXNativeTarget section */
		B28F26262C5BFDF9000E00FE /* appdev */ = {
			isa = PBXNativeTarget;
			buildConfigurationList = B28F264B2C5BFDFD000E00FE /* Build configuration list for PBXNativeTarget "appdev" */;
			buildPhases = (
				B28F26232C5BFDF9000E00FE /* Sources */,
				B28F26242C5BFDF9000E00FE /* Frameworks */,
				B28F26252C5BFDF9000E00FE /* Resources */,
			);
			buildRules = (
			);
			dependencies = (
			);
			name = appdev;
			productName = appdev;
			productReference = B28F26272C5BFDF9000E00FE /* appdev.app */;
			productType = "com.apple.product-type.application";
		};
		B28F26362C5BFDFD000E00FE /* appdevTests */ = {
			isa = PBXNativeTarget;
			buildConfigurationList = B28F264E2C5BFDFD000E00FE /* Build configuration list for PBXNativeTarget "appdevTests" */;
			buildPhases = (
				B28F26332C5BFDFD000E00FE /* Sources */,
				B28F26342C5BFDFD000E00FE /* Frameworks */,
				B28F26352C5BFDFD000E00FE /* Resources */,
			);
			buildRules = (
			);
			dependencies = (
				B28F26392C5BFDFD000E00FE /* PBXTargetDependency */,
			);
			name = appdevTests;
			productName = appdevTests;
			productReference = B28F26372C5BFDFD000E00FE /* appdevTests.xctest */;
			productType = "com.apple.product-type.bundle.unit-test";
		};
		B28F26402C5BFDFD000E00FE /* appdevUITests */ = {
			isa = PBXNativeTarget;
			buildConfigurationList = B28F26512C5BFDFD000E00FE /* Build configuration list for PBXNativeTarget "appdevUITests" */;
			buildPhases = (
				B28F263D2C5BFDFD000E00FE /* Sources */,
				B28F263E2C5BFDFD000E00FE /* Frameworks */,
				B28F263F2C5BFDFD000E00FE /* Resources */,
			);
			buildRules = (
			);
			dependencies = (
				B28F26432C5BFDFD000E00FE /* PBXTargetDependency */,
			);
			name = appdevUITests;
			productName = appdevUITests;
			productReference = B28F26412C5BFDFD000E00FE /* appdevUITests.xctest */;
			productType = "com.apple.product-type.bundle.ui-testing";
		};
/* End PBXNativeTarget section */

/* Begin PBXProject section */
		B28F261F2C5BFDF9000E00FE /* Project object */ = {
			isa = PBXProject;
			attributes = {
				BuildIndependentTargetsInParallel = 1;
				LastSwiftUpdateCheck = 1540;
				LastUpgradeCheck = 1540;
				TargetAttributes = {
					B28F26262C5BFDF9000E00FE = {
						CreatedOnToolsVersion = 15.4;
					};
					B28F26362C5BFDFD000E00FE = {
						CreatedOnToolsVersion = 15.4;
						TestTargetID = B28F26262C5BFDF9000E00FE;
					};
					B28F26402C5BFDFD000E00FE = {
						CreatedOnToolsVersion = 15.4;
						TestTargetID = B28F26262C5BFDF9000E00FE;
					};
				};
			};
			buildConfigurationList = B28F26222C5BFDF9000E00FE /* Build configuration list for PBXProject "appdev" */;
			compatibilityVersion = "Xcode 14.0";
			developmentRegion = en;
			hasScannedForEncodings = 0;
			knownRegions = (
				en,
				Base,
			);
			mainGroup = B28F261E2C5BFDF9000E00FE;
			productRefGroup = B28F26282C5BFDF9000E00FE /* Products */;
			projectDirPath = "";
			projectRoot = "";
			targets = (
				B28F26262C5BFDF9000E00FE /* appdev */,
				B28F26362C5BFDFD000E00FE /* appdevTests */,
				B28F26402C5BFDFD000E00FE /* appdevUITests */,
			);
		};
/* End PBXProject section */

/* Begin PBXResourcesBuildPhase section */
		B28F26252C5BFDF9000E00FE /* Resources */ = {
			isa = PBXResourcesBuildPhase;
			buildActionMask = 2147483647;
			files = (
				B28F26322C5BFDFC000E00FE /* Preview Assets.xcassets in Resources */,
				B28F262F2C5BFDFC000E00FE /* Assets.xcassets in Resources */,
			);
			runOnlyForDeploymentPostprocessing = 0;
		};
		B28F26352C5BFDFD000E00FE /* Resources */ = {
			isa = PBXResourcesBuildPhase;
			buildActionMask = 2147483647;
			files = (
			);
			runOnlyForDeploymentPostprocessing = 0;
		};
		B28F263F2C5BFDFD000E00FE /* Resources */ = {
			isa = PBXResourcesBuildPhase;
			buildActionMask = 2147483647;
			files = (
			);
			runOnlyForDeploymentPostprocessing = 0;
		};
/* End PBXResourcesBuildPhase section */

/* Begin PBXSourcesBuildPhase section */
		B28F26232C5BFDF9000E00FE /* Sources */ = {
			isa = PBXSourcesBuildPhase;
			buildActionMask = 2147483647;
			files = (
				B28F262D2C5BFDF9000E00FE /* ContentView.swift in Sources */,
				B28F262B2C5BFDF9000E00FE /* appdevApp.swift in Sources */,
			);
			runOnlyForDeploymentPostprocessing = 0;
		};
		B28F26332C5BFDFD000E00FE /* Sources */ = {
			isa = PBXSourcesBuildPhase;
			buildActionMask = 2147483647;
			files = (
				B28F263C2C5BFDFD000E00FE /* appdevTests.swift in Sources */,
			);
			runOnlyForDeploymentPostprocessing = 0;
		};
		B28F263D2C5BFDFD000E00FE /* Sources */ = {
			isa = PBXSourcesBuildPhase;
			buildActionMask = 2147483647;
			files = (
				B28F26482C5BFDFD000E00FE /* appdevUITestsLaunchTests.swift in Sources */,
				B28F26462C5BFDFD000E00FE /* appdevUITests.swift in Sources */,
			);
			runOnlyForDeploymentPostprocessing = 0;
		};
/* End PBXSourcesBuildPhase section */

/* Begin PBXTargetDependency section */
		B28F26392C5BFDFD000E00FE /* PBXTargetDependency */ = {
			isa = PBXTargetDependency;
			target = B28F26262C5BFDF9000E00FE /* appdev */;
			targetProxy = B28F26382C5BFDFD000E00FE /* PBXContainerItemProxy */;
		};
		B28F26432C5BFDFD000E00FE /* PBXTargetDependency */ = {
			isa = PBXTargetDependency;
			target = B28F26262C5BFDF9000E00FE /* appdev */;
			targetProxy = B28F26422C5BFDFD000E00FE /* PBXContainerItemProxy */;
		};
/* End PBXTargetDependency section */

/* Begin XCBuildConfiguration section */
		B28F26492C5BFDFD000E00FE /* Debug */ = {
			isa = XCBuildConfiguration;
			buildSettings = {
				ALWAYS_SEARCH_USER_PATHS = NO;
				ASSETCATALOG_COMPILER_GENERATE_SWIFT_ASSET_SYMBOL_EXTENSIONS = YES;
				CLANG_ANALYZER_NONNULL = YES;
				CLANG_ANALYZER_NUMBER_OBJECT_CONVERSION = YES_AGGRESSIVE;
				CLANG_CXX_LANGUAGE_STANDARD = "gnu++20";
				CLANG_ENABLE_MODULES = YES;
				CLANG_ENABLE_OBJC_ARC = YES;
				CLANG_ENABLE_OBJC_WEAK = YES;
				CLANG_WARN_BLOCK_CAPTURE_AUTORELEASING = YES;
				CLANG_WARN_BOOL_CONVERSION = YES;
				CLANG_WARN_COMMA = YES;
				CLANG_WARN_CONSTANT_CONVERSION = YES;
				CLANG_WARN_DEPRECATED_OBJC_IMPLEMENTATIONS = YES;
				CLANG_WARN_DIRECT_OBJC_ISA_USAGE = YES_ERROR;
				CLANG_WARN_DOCUMENTATION_COMMENTS = YES;
				CLANG_WARN_EMPTY_BODY = YES;
				CLANG_WARN_ENUM_CONVERSION = YES;
				CLANG_WARN_INFINITE_RECURSION = YES;
				CLANG_WARN_INT_CONVERSION = YES;
				CLANG_WARN_NON_LITERAL_NULL_CONVERSION = YES;
				CLANG_WARN_OBJC_IMPLICIT_RETAIN_SELF = YES;
				CLANG_WARN_OBJC_LITERAL_CONVERSION = YES;
				CLANG_WARN_OBJC_ROOT_CLASS = YES_ERROR;
				CLANG_WARN_QUOTED_INCLUDE_IN_FRAMEWORK_HEADER = YES;
				CLANG_WARN_RANGE_LOOP_ANALYSIS = YES;
				CLANG_WARN_STRICT_PROTOTYPES = YES;
				CLANG_WARN_SUSPICIOUS_MOVE = YES;
				CLANG_WARN_UNGUARDED_AVAILABILITY = YES_AGGRESSIVE;
				CLANG_WARN_UNREACHABLE_CODE = YES;
				CLANG_WARN__DUPLICATE_METHOD_MATCH = YES;
				COPY_PHASE_STRIP = NO;
				DEBUG_INFORMATION_FORMAT = dwarf;
				ENABLE_STRICT_OBJC_MSGSEND = YES;
				ENABLE_TESTABILITY = YES;
				ENABLE_USER_SCRIPT_SANDBOXING = YES;
				GCC_C_LANGUAGE_STANDARD = gnu17;
				GCC_DYNAMIC_NO_PIC = NO;
				GCC_NO_COMMON_BLOCKS = YES;
				GCC_OPTIMIZATION_LEVEL = 0;
				GCC_PREPROCESSOR_DEFINITIONS = (
					"DEBUG=1",
					"$(inherited)",
				);
				GCC_WARN_64_TO_32_BIT_CONVERSION = YES;
				GCC_WARN_ABOUT_RETURN_TYPE = YES_ERROR;
				GCC_WARN_UNDECLARED_SELECTOR = YES;
				GCC_WARN_UNINITIALIZED_AUTOS = YES_AGGRESSIVE;
				GCC_WARN_UNUSED_FUNCTION = YES;
				GCC_WARN_UNUSED_VARIABLE = YES;
				IPHONEOS_DEPLOYMENT_TARGET = 17.5;
				LOCALIZATION_PREFERS_STRING_CATALOGS = YES;
				MTL_ENABLE_DEBUG_INFO = INCLUDE_SOURCE;
				MTL_FAST_MATH = YES;
				ONLY_ACTIVE_ARCH = YES;
				SDKROOT = iphoneos;
				SWIFT_ACTIVE_COMPILATION_CONDITIONS = "DEBUG $(inherited)";
				SWIFT_OPTIMIZATION_LEVEL = "-Onone";
			};
			name = Debug;
		};
		B28F264A2C5BFDFD000E00FE /* Release */ = {
			isa = XCBuildConfiguration;
			buildSettings = {
				ALWAYS_SEARCH_USER_PATHS = NO;
				ASSETCATALOG_COMPILER_GENERATE_SWIFT_ASSET_SYMBOL_EXTENSIONS = YES;
				CLANG_ANALYZER_NONNULL = YES;
				CLANG_ANALYZER_NUMBER_OBJECT_CONVERSION = YES_AGGRESSIVE;
				CLANG_CXX_LANGUAGE_STANDARD = "gnu++20";
				CLANG_ENABLE_MODULES = YES;
				CLANG_ENABLE_OBJC_ARC = YES;
				CLANG_ENABLE_OBJC_WEAK = YES;
				CLANG_WARN_BLOCK_CAPTURE_AUTORELEASING = YES;
				CLANG_WARN_BOOL_CONVERSION = YES;
				CLANG_WARN_COMMA = YES;
				CLANG_WARN_CONSTANT_CONVERSION = YES;
				CLANG_WARN_DEPRECATED_OBJC_IMPLEMENTATIONS = YES;
				CLANG_WARN_DIRECT_OBJC_ISA_USAGE = YES_ERROR;
				CLANG_WARN_DOCUMENTATION_COMMENTS = YES;
				CLANG_WARN_EMPTY_BODY = YES;
				CLANG_WARN_ENUM_CONVERSION = YES;
				CLANG_WARN_INFINITE_RECURSION = YES;
				CLANG_WARN_INT_CONVERSION = YES;
				CLANG_WARN_NON_LITERAL_NULL_CONVERSION = YES;
				CLANG_WARN_OBJC_IMPLICIT_RETAIN_SELF = YES;
				CLANG_WARN_OBJC_LITERAL_CONVERSION = YES;
				CLANG_WARN_OBJC_ROOT_CLASS = YES_ERROR;
				CLANG_WARN_QUOTED_INCLUDE_IN_FRAMEWORK_HEADER = YES;
				CLANG_WARN_RANGE_LOOP_ANALYSIS = YES;
				CLANG_WARN_STRICT_PROTOTYPES = YES;
				CLANG_WARN_SUSPICIOUS_MOVE = YES;
				CLANG_WARN_UNGUARDED_AVAILABILITY = YES_AGGRESSIVE;
				CLANG_WARN_UNREACHABLE_CODE = YES;
				CLANG_WARN__DUPLICATE_METHOD_MATCH = YES;
				COPY_PHASE_STRIP = NO;
				DEBUG_INFORMATION_FORMAT = "dwarf-with-dsym";
				ENABLE_NS_ASSERTIONS = NO;
				ENABLE_STRICT_OBJC_MSGSEND = YES;
				ENABLE_USER_SCRIPT_SANDBOXING = YES;
				GCC_C_LANGUAGE_STANDARD = gnu17;
				GCC_NO_COMMON_BLOCKS = YES;
				GCC_WARN_64_TO_32_BIT_CONVERSION = YES;
				GCC_WARN_ABOUT_RETURN_TYPE = YES_ERROR;
				GCC_WARN_UNDECLARED_SELECTOR = YES;
				GCC_WARN_UNINITIALIZED_AUTOS = YES_AGGRESSIVE;
				GCC_WARN_UNUSED_FUNCTION = YES;
				GCC_WARN_UNUSED_VARIABLE = YES;
				IPHONEOS_DEPLOYMENT_TARGET = 17.5;
				LOCALIZATION_PREFERS_STRING_CATALOGS = YES;
				MTL_ENABLE_DEBUG_INFO = NO;
				MTL_FAST_MATH = YES;
				SDKROOT = iphoneos;
				SWIFT_COMPILATION_MODE = wholemodule;
				VALIDATE_PRODUCT = YES;
			};
			name = Release;
		};
		B28F264C2C5BFDFD000E00FE /* Debug */ = {
			isa = XCBuildConfiguration;
			buildSettings = {
				ASSETCATALOG_COMPILER_APPICON_NAME = AppIcon;
				ASSETCATALOG_COMPILER_GLOBAL_ACCENT_COLOR_NAME = AccentColor;
				CODE_SIGN_STYLE = Automatic;
				CURRENT_PROJECT_VERSION = 1;
				DEVELOPMENT_ASSET_PATHS = "\"appdev/Preview Content\"";
				ENABLE_PREVIEWS = YES;
				GENERATE_INFOPLIST_FILE = YES;
				INFOPLIST_KEY_UIApplicationSceneManifest_Generation = YES;
				INFOPLIST_KEY_UIApplicationSupportsIndirectInputEvents = YES;
				INFOPLIST_KEY_UILaunchScreen_Generation = YES;
				INFOPLIST_KEY_UISupportedInterfaceOrientations_iPad = "UIInterfaceOrientationPortrait UIInterfaceOrientationPortraitUpsideDown UIInterfaceOrientationLandscapeLeft UIInterfaceOrientationLandscapeRight";
				INFOPLIST_KEY_UISupportedInterfaceOrientations_iPhone = "UIInterfaceOrientationPortrait UIInterfaceOrientationLandscapeLeft UIInterfaceOrientationLandscapeRight";
				LD_RUNPATH_SEARCH_PATHS = (
					"$(inherited)",
					"@executable_path/Frameworks",
				);
				MARKETING_VERSION = 1.0;
				PRODUCT_BUNDLE_IDENTIFIER = ffantta.appdev;
				PRODUCT_NAME = "$(TARGET_NAME)";
				SWIFT_EMIT_LOC_STRINGS = YES;
				SWIFT_VERSION = 5.0;
				TARGETED_DEVICE_FAMILY = "1,2";
			};
			name = Debug;
		};
		B28F264D2C5BFDFD000E00FE /* Release */ = {
			isa = XCBuildConfiguration;
			buildSettings = {
				ASSETCATALOG_COMPILER_APPICON_NAME = AppIcon;
				ASSETCATALOG_COMPILER_GLOBAL_ACCENT_COLOR_NAME = AccentColor;
				CODE_SIGN_STYLE = Automatic;
				CURRENT_PROJECT_VERSION = 1;
				DEVELOPMENT_ASSET_PATHS = "\"appdev/Preview Content\"";
				ENABLE_PREVIEWS = YES;
				GENERATE_INFOPLIST_FILE = YES;
				INFOPLIST_KEY_UIApplicationSceneManifest_Generation = YES;
				INFOPLIST_KEY_UIApplicationSupportsIndirectInputEvents = YES;
				INFOPLIST_KEY_UILaunchScreen_Generation = YES;
				INFOPLIST_KEY_UISupportedInterfaceOrientations_iPad = "UIInterfaceOrientationPortrait UIInterfaceOrientationPortraitUpsideDown UIInterfaceOrientationLandscapeLeft UIInterfaceOrientationLandscapeRight";
				INFOPLIST_KEY_UISupportedInterfaceOrientations_iPhone = "UIInterfaceOrientationPortrait UIInterfaceOrientationLandscapeLeft UIInterfaceOrientationLandscapeRight";
				LD_RUNPATH_SEARCH_PATHS = (
					"$(inherited)",
					"@executable_path/Frameworks",
				);
				MARKETING_VERSION = 1.0;
				PRODUCT_BUNDLE_IDENTIFIER = ffantta.appdev;
				PRODUCT_NAME = "$(TARGET_NAME)";
				SWIFT_EMIT_LOC_STRINGS = YES;
				SWIFT_VERSION = 5.0;
				TARGETED_DEVICE_FAMILY = "1,2";
			};
			name = Release;
		};
		B28F264F2C5BFDFD000E00FE /* Debug */ = {
			isa = XCBuildConfiguration;
			buildSettings = {
				ALWAYS_EMBED_SWIFT_STANDARD_LIBRARIES = YES;
				BUNDLE_LOADER = "$(TEST_HOST)";
				CODE_SIGN_STYLE = Automatic;
				CURRENT_PROJECT_VERSION = 1;
				GENERATE_INFOPLIST_FILE = YES;
				IPHONEOS_DEPLOYMENT_TARGET = 17.5;
				MARKETING_VERSION = 1.0;
				PRODUCT_BUNDLE_IDENTIFIER = ffantta.appdevTests;
				PRODUCT_NAME = "$(TARGET_NAME)";
				SWIFT_EMIT_LOC_STRINGS = NO;
				SWIFT_VERSION = 5.0;
				TARGETED_DEVICE_FAMILY = "1,2";
				TEST_HOST = "$(BUILT_PRODUCTS_DIR)/appdev.app/$(BUNDLE_EXECUTABLE_FOLDER_PATH)/appdev";
			};
			name = Debug;
		};
		B28F26502C5BFDFD000E00FE /* Release */ = {
			isa = XCBuildConfiguration;
			buildSettings = {
				ALWAYS_EMBED_SWIFT_STANDARD_LIBRARIES = YES;
				BUNDLE_LOADER = "$(TEST_HOST)";
				CODE_SIGN_STYLE = Automatic;
				CURRENT_PROJECT_VERSION = 1;
				GENERATE_INFOPLIST_FILE = YES;
				IPHONEOS_DEPLOYMENT_TARGET = 17.5;
				MARKETING_VERSION = 1.0;
				PRODUCT_BUNDLE_IDENTIFIER = ffantta.appdevTests;
				PRODUCT_NAME = "$(TARGET_NAME)";
				SWIFT_EMIT_LOC_STRINGS = NO;
				SWIFT_VERSION = 5.0;
				TARGETED_DEVICE_FAMILY = "1,2";
				TEST_HOST = "$(BUILT_PRODUCTS_DIR)/appdev.app/$(BUNDLE_EXECUTABLE_FOLDER_PATH)/appdev";
			};
			name = Release;
		};
		B28F26522C5BFDFD000E00FE /* Debug */ = {
			isa = XCBuildConfiguration;
			buildSettings = {
				ALWAYS_EMBED_SWIFT_STANDARD_LIBRARIES = YES;
				CODE_SIGN_STYLE = Automatic;
				CURRENT_PROJECT_VERSION = 1;
				GENERATE_INFOPLIST_FILE = YES;
				MARKETING_VERSION = 1.0;
				PRODUCT_BUNDLE_IDENTIFIER = ffantta.appdevUITests;
				PRODUCT_NAME = "$(TARGET_NAME)";
				SWIFT_EMIT_LOC_STRINGS = NO;
				SWIFT_VERSION = 5.0;
				TARGETED_DEVICE_FAMILY = "1,2";
				TEST_TARGET_NAME = appdev;
			};
			name = Debug;
		};
		B28F26532C5BFDFD000E00FE /* Release */ = {
			isa = XCBuildConfiguration;
			buildSettings = {
				ALWAYS_EMBED_SWIFT_STANDARD_LIBRARIES = YES;
				CODE_SIGN_STYLE = Automatic;
				CURRENT_PROJECT_VERSION = 1;
				GENERATE_INFOPLIST_FILE = YES;
				MARKETING_VERSION = 1.0;
				PRODUCT_BUNDLE_IDENTIFIER = ffantta.appdevUITests;
				PRODUCT_NAME = "$(TARGET_NAME)";
				SWIFT_EMIT_LOC_STRINGS = NO;
				SWIFT_VERSION = 5.0;
				TARGETED_DEVICE_FAMILY = "1,2";
				TEST_TARGET_NAME = appdev;
			};
			name = Release;
		};
/* End XCBuildConfiguration section */

/* Begin XCConfigurationList section */
		B28F26222C5BFDF9000E00FE /* Build configuration list for PBXProject "appdev" */ = {
			isa = XCConfigurationList;
			buildConfigurations = (
				B28F26492C5BFDFD000E00FE /* Debug */,
				B28F264A2C5BFDFD000E00FE /* Release */,
			);
			defaultConfigurationIsVisible = 0;
			defaultConfigurationName = Release;
		};
		B28F264B2C5BFDFD000E00FE /* Build configuration list for PBXNativeTarget "appdev" */ = {
			isa = XCConfigurationList;
			buildConfigurations = (
				B28F264C2C5BFDFD000E00FE /* Debug */,
				B28F264D2C5BFDFD000E00FE /* Release */,
			);
			defaultConfigurationIsVisible = 0;
			defaultConfigurationName = Release;
		};
		B28F264E2C5BFDFD000E00FE /* Build configuration list for PBXNativeTarget "appdevTests" */ = {
			isa = XCConfigurationList;
			buildConfigurations = (
				B28F264F2C5BFDFD000E00FE /* Debug */,
				B28F26502C5BFDFD000E00FE /* Release */,
			);
			defaultConfigurationIsVisible = 0;
			defaultConfigurationName = Release;
		};
		B28F26512C5BFDFD000E00FE /* Build configuration list for PBXNativeTarget "appdevUITests" */ = {
			isa = XCConfigurationList;
			buildConfigurations = (
				B28F26522C5BFDFD000E00FE /* Debug */,
				B28F26532C5BFDFD000E00FE /* Release */,
			);
			defaultConfigurationIsVisible = 0;
			defaultConfigurationName = Release;
		};
/* End XCConfigurationList section */
	};
	rootObject = B28F261F2C5BFDF9000E00FE /* Project object */;
}
